
Microsoft Visual Studio Solution File, Format Version 12.00
# Visual Studio Version 16
VisualStudioVersion = 16.0.30413.136
MinimumVisualStudioVersion = 10.0.40219.1
Project("{9A19103F-16F7-4668-BE54-9A1E7A4F7556}") = "Blog.API", "API\KKotBlogApi\Blog.API.csproj", "{2451E706-CEDA-483D-929A-995D9F67A0F3}"
EndProject
Project("{9A19103F-16F7-4668-BE54-9A1E7A4F7556}") = "Blog.Domain", "API\Blog.Domain\Blog.Domain.csproj", "{CB12A1CA-3706-46A4-8B31-5FB9795335E7}"
EndProject
Project("{9A19103F-16F7-4668-BE54-9A1E7A4F7556}") = "Blog.Application", "API\Blog.Application\Blog.Application.csproj", "{406EAAAB-5963-4A5A-8E70-01E61D2C79AB}"
EndProject
Project("{9A19103F-16F7-4668-BE54-9A1E7A4F7556}") = "Blog.Auth", "API\Blog.Auth\Blog.Auth.csproj", "{A876027A-126C-4F18-B387-A30245316361}"
EndProject
Project("{9A19103F-16F7-4668-BE54-9A1E7A4F7556}") = "Blog.DataAccess", "API\Blog.DataAccess\Blog.DataAccess.csproj", "{972CE490-6228-4447-90B6-68B534F4A139}"
EndProject
Project("{9A19103F-16F7-4668-BE54-9A1E7A4F7556}") = "Blog.Infrastructure", "API\Blog.Infrastructure\Blog.Infrastructure.csproj", "{6CBB2CBF-7B0B-42D7-8E91-EE96C524EC14}"
EndProject
Project("{2150E333-8FDC-42A3-9474-1A3956D46DE8}") = "tests", "tests", "{DEDDC345-B7F8-43E8-ABAF-E8DD7BA5BAFE}"
EndProject
Project("{9A19103F-16F7-4668-BE54-9A1E7A4F7556}") = "Blog.IntegrationTests.Common", "tests\Blog.IntegrationTests.Common\Blog.IntegrationTests.Common.csproj", "{B5122DC9-632E-4449-A598-E6360C048C38}"
EndProject
Project("{9A19103F-16F7-4668-BE54-9A1E7A4F7556}") = "Blog.IntegrationTests", "tests\Blog.IntegrationTests\Blog.IntegrationTests.csproj", "{6536BFB6-CF3C-4464-A8C6-45CE8483D6A3}"
EndProject
Project("{9A19103F-16F7-4668-BE54-9A1E7A4F7556}") = "Blog.Application.UnitTests", "tests\Blog.Application.UnitTests\Blog.Application.UnitTests.csproj", "{60FE5587-DCA2-4CD2-B49F-30E32F4E8BA0}"
EndProject
Project("{9A19103F-16F7-4668-BE54-9A1E7A4F7556}") = "Blog.Tests.Common", "tests\Blog.Tests.Common\Blog.Tests.Common.csproj", "{43EBD321-7E43-47FC-9190-844ABF5BE1D1}"
EndProject
Project("{E53339B2-1760-4266-BCC7-CA923CBCF16C}") = "docker-compose", "docker-compose.dcproj", "{73D03621-8433-4311-BD90-101DFEFA85BB}"
EndProject
Project("{2150E333-8FDC-42A3-9474-1A3956D46DE8}") = "API", "API", "{DB790A4D-B827-434D-9C86-1776129F2AA8}"
EndProject
Project("{2150E333-8FDC-42A3-9474-1A3956D46DE8}") = "WEB", "WEB", "{B67F99D7-0969-482D-BD97-BE33360EE33E}"
EndProject
Project("{FAE04EC0-301F-11D3-BF4B-00C04F79EFBC}") = "Blog.WEB", "WEB\Blog.WEB\Blog.WEB.csproj", "{E1E0C016-B523-475C-981A-6B74142021E0}"
EndProject
Global
	GlobalSection(SolutionConfigurationPlatforms) = preSolution
		Debug|Any CPU = Debug|Any CPU
		Release|Any CPU = Release|Any CPU
	EndGlobalSection
	GlobalSection(ProjectConfigurationPlatforms) = postSolution
		{2451E706-CEDA-483D-929A-995D9F67A0F3}.Debug|Any CPU.ActiveCfg = Debug|Any CPU
		{2451E706-CEDA-483D-929A-995D9F67A0F3}.Debug|Any CPU.Build.0 = Debug|Any CPU
		{2451E706-CEDA-483D-929A-995D9F67A0F3}.Release|Any CPU.ActiveCfg = Release|Any CPU
		{2451E706-CEDA-483D-929A-995D9F67A0F3}.Release|Any CPU.Build.0 = Release|Any CPU
		{CB12A1CA-3706-46A4-8B31-5FB9795335E7}.Debug|Any CPU.ActiveCfg = Debug|Any CPU
		{CB12A1CA-3706-46A4-8B31-5FB9795335E7}.Debug|Any CPU.Build.0 = Debug|Any CPU
		{CB12A1CA-3706-46A4-8B31-5FB9795335E7}.Release|Any CPU.ActiveCfg = Release|Any CPU
		{CB12A1CA-3706-46A4-8B31-5FB9795335E7}.Release|Any CPU.Build.0 = Release|Any CPU
		{406EAAAB-5963-4A5A-8E70-01E61D2C79AB}.Debug|Any CPU.ActiveCfg = Debug|Any CPU
		{406EAAAB-5963-4A5A-8E70-01E61D2C79AB}.Debug|Any CPU.Build.0 = Debug|Any CPU
		{406EAAAB-5963-4A5A-8E70-01E61D2C79AB}.Release|Any CPU.ActiveCfg = Release|Any CPU
		{406EAAAB-5963-4A5A-8E70-01E61D2C79AB}.Release|Any CPU.Build.0 = Release|Any CPU
		{A876027A-126C-4F18-B387-A30245316361}.Debug|Any CPU.ActiveCfg = Debug|Any CPU
		{A876027A-126C-4F18-B387-A30245316361}.Debug|Any CPU.Build.0 = Debug|Any CPU
		{A876027A-126C-4F18-B387-A30245316361}.Release|Any CPU.ActiveCfg = Release|Any CPU
		{A876027A-126C-4F18-B387-A30245316361}.Release|Any CPU.Build.0 = Release|Any CPU
		{972CE490-6228-4447-90B6-68B534F4A139}.Debug|Any CPU.ActiveCfg = Debug|Any CPU
		{972CE490-6228-4447-90B6-68B534F4A139}.Debug|Any CPU.Build.0 = Debug|Any CPU
		{972CE490-6228-4447-90B6-68B534F4A139}.Release|Any CPU.ActiveCfg = Release|Any CPU
		{972CE490-6228-4447-90B6-68B534F4A139}.Release|Any CPU.Build.0 = Release|Any CPU
		{6CBB2CBF-7B0B-42D7-8E91-EE96C524EC14}.Debug|Any CPU.ActiveCfg = Debug|Any CPU
		{6CBB2CBF-7B0B-42D7-8E91-EE96C524EC14}.Debug|Any CPU.Build.0 = Debug|Any CPU
		{6CBB2CBF-7B0B-42D7-8E91-EE96C524EC14}.Release|Any CPU.ActiveCfg = Release|Any CPU
		{6CBB2CBF-7B0B-42D7-8E91-EE96C524EC14}.Release|Any CPU.Build.0 = Release|Any CPU
		{B5122DC9-632E-4449-A598-E6360C048C38}.Debug|Any CPU.ActiveCfg = Debug|Any CPU
		{B5122DC9-632E-4449-A598-E6360C048C38}.Debug|Any CPU.Build.0 = Debug|Any CPU
		{B5122DC9-632E-4449-A598-E6360C048C38}.Release|Any CPU.ActiveCfg = Release|Any CPU
		{B5122DC9-632E-4449-A598-E6360C048C38}.Release|Any CPU.Build.0 = Release|Any CPU
		{6536BFB6-CF3C-4464-A8C6-45CE8483D6A3}.Debug|Any CPU.ActiveCfg = Debug|Any CPU
		{6536BFB6-CF3C-4464-A8C6-45CE8483D6A3}.Debug|Any CPU.Build.0 = Debug|Any CPU
		{6536BFB6-CF3C-4464-A8C6-45CE8483D6A3}.Release|Any CPU.ActiveCfg = Release|Any CPU
		{6536BFB6-CF3C-4464-A8C6-45CE8483D6A3}.Release|Any CPU.Build.0 = Release|Any CPU
		{60FE5587-DCA2-4CD2-B49F-30E32F4E8BA0}.Debug|Any CPU.ActiveCfg = Debug|Any CPU
		{60FE5587-DCA2-4CD2-B49F-30E32F4E8BA0}.Debug|Any CPU.Build.0 = Debug|Any CPU
		{60FE5587-DCA2-4CD2-B49F-30E32F4E8BA0}.Release|Any CPU.ActiveCfg = Release|Any CPU
		{60FE5587-DCA2-4CD2-B49F-30E32F4E8BA0}.Release|Any CPU.Build.0 = Release|Any CPU
		{43EBD321-7E43-47FC-9190-844ABF5BE1D1}.Debug|Any CPU.ActiveCfg = Debug|Any CPU
		{43EBD321-7E43-47FC-9190-844ABF5BE1D1}.Debug|Any CPU.Build.0 = Debug|Any CPU
		{43EBD321-7E43-47FC-9190-844ABF5BE1D1}.Release|Any CPU.ActiveCfg = Release|Any CPU
		{43EBD321-7E43-47FC-9190-844ABF5BE1D1}.Release|Any CPU.Build.0 = Release|Any CPU
		{73D03621-8433-4311-BD90-101DFEFA85BB}.Debug|Any CPU.ActiveCfg = Debug|Any CPU
		{73D03621-8433-4311-BD90-101DFEFA85BB}.Debug|Any CPU.Build.0 = Debug|Any CPU
		{73D03621-8433-4311-BD90-101DFEFA85BB}.Release|Any CPU.ActiveCfg = Release|Any CPU
		{73D03621-8433-4311-BD90-101DFEFA85BB}.Release|Any CPU.Build.0 = Release|Any CPU
		{E1E0C016-B523-475C-981A-6B74142021E0}.Debug|Any CPU.ActiveCfg = Debug|Any CPU
		{E1E0C016-B523-475C-981A-6B74142021E0}.Debug|Any CPU.Build.0 = Debug|Any CPU
		{E1E0C016-B523-475C-981A-6B74142021E0}.Release|Any CPU.ActiveCfg = Release|Any CPU
		{E1E0C016-B523-475C-981A-6B74142021E0}.Release|Any CPU.Build.0 = Release|Any CPU
	EndGlobalSection
	GlobalSection(SolutionProperties) = preSolution
		HideSolutionNode = FALSE
	EndGlobalSection
	GlobalSection(NestedProjects) = preSolution
		{2451E706-CEDA-483D-929A-995D9F67A0F3} = {DB790A4D-B827-434D-9C86-1776129F2AA8}
		{CB12A1CA-3706-46A4-8B31-5FB9795335E7} = {DB790A4D-B827-434D-9C86-1776129F2AA8}
		{406EAAAB-5963-4A5A-8E70-01E61D2C79AB} = {DB790A4D-B827-434D-9C86-1776129F2AA8}
		{A876027A-126C-4F18-B387-A30245316361} = {DB790A4D-B827-434D-9C86-1776129F2AA8}
		{972CE490-6228-4447-90B6-68B534F4A139} = {DB790A4D-B827-434D-9C86-1776129F2AA8}
		{6CBB2CBF-7B0B-42D7-8E91-EE96C524EC14} = {DB790A4D-B827-434D-9C86-1776129F2AA8}
		{B5122DC9-632E-4449-A598-E6360C048C38} = {DEDDC345-B7F8-43E8-ABAF-E8DD7BA5BAFE}
		{6536BFB6-CF3C-4464-A8C6-45CE8483D6A3} = {DEDDC345-B7F8-43E8-ABAF-E8DD7BA5BAFE}
		{60FE5587-DCA2-4CD2-B49F-30E32F4E8BA0} = {DEDDC345-B7F8-43E8-ABAF-E8DD7BA5BAFE}
		{43EBD321-7E43-47FC-9190-844ABF5BE1D1} = {DEDDC345-B7F8-43E8-ABAF-E8DD7BA5BAFE}
		{E1E0C016-B523-475C-981A-6B74142021E0} = {B67F99D7-0969-482D-BD97-BE33360EE33E}
	EndGlobalSection
	GlobalSection(ExtensibilityGlobals) = postSolution
		SolutionGuid = {FDB679E5-DDC2-420E-9C98-3D0C4A73C31B}
	EndGlobalSection
EndGlobal
